
Microsoft Visual Studio Solution File, Format Version 12.00
# Visual Studio Version 17
VisualStudioVersion = 17.3.32825.248
MinimumVisualStudioVersion = 10.0.40219.1
Project("{9A19103F-16F7-4668-BE54-9A1E7A4F7556}") = "Ex.1(Laborator17)", "Ex.1(Laborator17).csproj", "{5286B9EF-A8BB-4420-BA6E-92A06208C81F}"
EndProject
Project("{FAE04EC0-301F-11D3-BF4B-00C04F79EFBC}") = "DataLayer", "..\DataLayer\DataLayer.csproj", "{55C932E1-2B79-44AB-8601-0741C362B77A}"
EndProject
Global
	GlobalSection(SolutionConfigurationPlatforms) = preSolution
		Debug|Any CPU = Debug|Any CPU
		Release|Any CPU = Release|Any CPU
	EndGlobalSection
	GlobalSection(ProjectConfigurationPlatforms) = postSolution
		{5286B9EF-A8BB-4420-BA6E-92A06208C81F}.Debug|Any CPU.ActiveCfg = Debug|Any CPU
		{5286B9EF-A8BB-4420-BA6E-92A06208C81F}.Debug|Any CPU.Build.0 = Debug|Any CPU
		{5286B9EF-A8BB-4420-BA6E-92A06208C81F}.Release|Any CPU.ActiveCfg = Release|Any CPU
		{5286B9EF-A8BB-4420-BA6E-92A06208C81F}.Release|Any CPU.Build.0 = Release|Any CPU
		{55C932E1-2B79-44AB-8601-0741C362B77A}.Debug|Any CPU.ActiveCfg = Debug|Any CPU
		{55C932E1-2B79-44AB-8601-0741C362B77A}.Debug|Any CPU.Build.0 = Debug|Any CPU
		{55C932E1-2B79-44AB-8601-0741C362B77A}.Release|Any CPU.ActiveCfg = Release|Any CPU
		{55C932E1-2B79-44AB-8601-0741C362B77A}.Release|Any CPU.Build.0 = Release|Any CPU
	EndGlobalSection
	GlobalSection(SolutionProperties) = preSolution
		HideSolutionNode = FALSE
	EndGlobalSection
	GlobalSection(ExtensibilityGlobals) = postSolution
		SolutionGuid = {FCBAB17E-46B4-4A6A-85D6-015EAEBA1401}
	EndGlobalSection
EndGlobal
